<?xml version="1.0" encoding="UTF-8" standalone="yes" ?>
<CodeBlocks_project_file>
	<FileVersion major="1" minor="6" />
	<Project>
		<Option title="project" />
		<Option pch_mode="2" />
		<Option compiler="gcc" />
		<Build>
			<Target title="Debug">
				<Option output="../trash/bin/Debug/project" prefix_auto="1" extension_auto="1" />
				<Option object_output="../trash/obj/Debug/" />
				<Option type="1" />
				<Option compiler="gcc" />
				<Compiler>
					<Add option="-g" />
				</Compiler>
			</Target>
			<Target title="Release">
				<Option output="../trash/bin/Release/project" prefix_auto="1" extension_auto="1" />
				<Option object_output="../trash/obj/Release/" />
				<Option type="1" />
				<Option compiler="gcc" />
				<Compiler>
					<Add option="-O2" />
				</Compiler>
				<Linker>
					<Add option="-s" />
				</Linker>
			</Target>
		</Build>
		<Compiler>
			<Add option="-std=c++11" />
			<Add option="-Wall" />
			<Add option="-fexceptions" />
		</Compiler>
		<Unit filename="main.cpp" />
		<Unit filename="onii/core.hpp" />
		<Unit filename="onii/core/config.hpp" />
		<Unit filename="onii/core/config/architectures.hpp" />
		<Unit filename="onii/core/config/architectures/alpha.hpp" />
		<Unit filename="onii/core/config/architectures/amd64.hpp" />
		<Unit filename="onii/core/config/architectures/arm.hpp" />
		<Unit filename="onii/core/config/architectures/arm64.hpp" />
		<Unit filename="onii/core/config/architectures/blackfin.hpp" />
		<Unit filename="onii/core/config/architectures/convex.hpp" />
		<Unit filename="onii/core/config/architectures/epiphany.hpp" />
		<Unit filename="onii/core/config/architectures/hppa_risc.hpp" />
		<Unit filename="onii/core/config/architectures/intel_itanium.hpp" />
		<Unit filename="onii/core/config/architectures/intel_x86.hpp" />
		<Unit filename="onii/core/config/architectures/mips.hpp" />
		<Unit filename="onii/core/config/architectures/motorola_68k.hpp" />
		<Unit filename="onii/core/config/architectures/powerpc.hpp" />
		<Unit filename="onii/core/config/architectures/pyramid_9810.hpp" />
		<Unit filename="onii/core/config/architectures/rs6000.hpp" />
		<Unit filename="onii/core/config/architectures/sparc.hpp" />
		<Unit filename="onii/core/config/architectures/superh.hpp" />
		<Unit filename="onii/core/config/architectures/systemz.hpp" />
		<Unit filename="onii/core/config/architectures/tms320.hpp" />
		<Unit filename="onii/core/config/architectures/tms470.hpp" />
		<Unit filename="onii/core/config/compilers.hpp" />
		<Unit filename="onii/core/config/compilers/acc.hpp" />
		<Unit filename="onii/core/config/compilers/altium_c_to_hardware.hpp" />
		<Unit filename="onii/core/config/compilers/altium_microblaze_c.hpp" />
		<Unit filename="onii/core/config/compilers/amsterdam_compiler_kit.hpp" />
		<Unit filename="onii/core/config/compilers/arm_compiler.hpp" />
		<Unit filename="onii/core/config/compilers/aztec_c.hpp" />
		<Unit filename="onii/core/config/compilers/borland.hpp" />
		<Unit filename="onii/core/config/compilers/cc65.hpp" />
		<Unit filename="onii/core/config/compilers/clang.hpp" />
		<Unit filename="onii/core/config/compilers/comeau.hpp" />
		<Unit filename="onii/core/config/compilers/compaq.hpp" />
		<Unit filename="onii/core/config/compilers/convex.hpp" />
		<Unit filename="onii/core/config/compilers/cray_c.hpp" />
		<Unit filename="onii/core/config/compilers/diab.hpp" />
		<Unit filename="onii/core/config/compilers/dice_c.hpp" />
		<Unit filename="onii/core/config/compilers/digital_mars.hpp" />
		<Unit filename="onii/core/config/compilers/dignus_systems.hpp" />
		<Unit filename="onii/core/config/compilers/djgpp.hpp" />
		<Unit filename="onii/core/config/compilers/edg_frontend.hpp" />
		<Unit filename="onii/core/config/compilers/ekopath.hpp" />
		<Unit filename="onii/core/config/compilers/fujitsu.hpp" />
		<Unit filename="onii/core/config/compilers/gcc.hpp" />
		<Unit filename="onii/core/config/compilers/green_hill.hpp" />
		<Unit filename="onii/core/config/compilers/hp_acpp.hpp" />
		<Unit filename="onii/core/config/compilers/hp_ansi.hpp" />
		<Unit filename="onii/core/config/compilers/iar.hpp" />
		<Unit filename="onii/core/config/compilers/ibm_xl.hpp" />
		<Unit filename="onii/core/config/compilers/ibm_zos.hpp" />
		<Unit filename="onii/core/config/compilers/imagecraft_c.hpp" />
		<Unit filename="onii/core/config/compilers/intel.hpp" />
		<Unit filename="onii/core/config/compilers/kai.hpp" />
		<Unit filename="onii/core/config/compilers/keil_c166.hpp" />
		<Unit filename="onii/core/config/compilers/keil_c51.hpp" />
		<Unit filename="onii/core/config/compilers/keil_carm.hpp" />
		<Unit filename="onii/core/config/compilers/lcc.hpp" />
		<Unit filename="onii/core/config/compilers/llvm.hpp" />
		<Unit filename="onii/core/config/compilers/metaware_high.hpp" />
		<Unit filename="onii/core/config/compilers/metrowerks_codewarrior.hpp" />
		<Unit filename="onii/core/config/compilers/microsoft_visual.hpp" />
		<Unit filename="onii/core/config/compilers/microtec.hpp" />
		<Unit filename="onii/core/config/compilers/microway_ndp_c.hpp" />
		<Unit filename="onii/core/config/compilers/mingw.hpp" />
		<Unit filename="onii/core/config/compilers/mingw_w64.hpp" />
		<Unit filename="onii/core/config/compilers/mipspro.hpp" />
		<Unit filename="onii/core/config/compilers/miracle_c.hpp" />
		<Unit filename="onii/core/config/compilers/mpw.hpp" />
		<Unit filename="onii/core/config/compilers/norcroft_c.hpp" />
		<Unit filename="onii/core/config/compilers/nwcc.hpp" />
		<Unit filename="onii/core/config/compilers/open64.hpp" />
		<Unit filename="onii/core/config/compilers/pacific_c.hpp" />
		<Unit filename="onii/core/config/compilers/palm.hpp" />
		<Unit filename="onii/core/config/compilers/pelles_c.hpp" />
		<Unit filename="onii/core/config/compilers/portland_group.hpp" />
		<Unit filename="onii/core/config/compilers/renesas.hpp" />
		<Unit filename="onii/core/config/compilers/sasc.hpp" />
		<Unit filename="onii/core/config/compilers/sco_openserver.hpp" />
		<Unit filename="onii/core/config/compilers/small_device_c_compiler.hpp" />
		<Unit filename="onii/core/config/compilers/sn_compiler.hpp" />
		<Unit filename="onii/core/config/compilers/stratus_vos_c.hpp" />
		<Unit filename="onii/core/config/compilers/sun_studio.hpp" />
		<Unit filename="onii/core/config/compilers/symantec.hpp" />
		<Unit filename="onii/core/config/compilers/tendra.hpp" />
		<Unit filename="onii/core/config/compilers/texas_instruments_compiler.hpp" />
		<Unit filename="onii/core/config/compilers/think_c.hpp" />
		<Unit filename="onii/core/config/compilers/tiny_c.hpp" />
		<Unit filename="onii/core/config/compilers/turbo.hpp" />
		<Unit filename="onii/core/config/compilers/ultimate.hpp" />
		<Unit filename="onii/core/config/compilers/usl_c.hpp" />
		<Unit filename="onii/core/config/compilers/watcom.hpp" />
		<Unit filename="onii/core/config/compilers/zortech.hpp" />
		<Unit filename="onii/core/config/environments.hpp" />
		<Unit filename="onii/core/config/environments/bsd.hpp" />
		<Unit filename="onii/core/config/environments/cygwin.hpp" />
		<Unit filename="onii/core/config/environments/emx.hpp" />
		<Unit filename="onii/core/config/environments/interix.hpp" />
		<Unit filename="onii/core/config/environments/svr4.hpp" />
		<Unit filename="onii/core/config/environments/unix.hpp" />
		<Unit filename="onii/core/config/environments/uwin.hpp" />
		<Unit filename="onii/core/config/environments/windu.hpp" />
		<Unit filename="onii/core/config/libraries.hpp" />
		<Unit filename="onii/core/config/libraries/microsoft_foundation_classes.hpp" />
		<Unit filename="onii/core/config/operating_systems.hpp" />
		<Unit filename="onii/core/config/operating_systems/aix.hpp" />
		<Unit filename="onii/core/config/operating_systems/amdahl_uts.hpp" />
		<Unit filename="onii/core/config/operating_systems/amigaos.hpp" />
		<Unit filename="onii/core/config/operating_systems/android.hpp" />
		<Unit filename="onii/core/config/operating_systems/apollo_aegis.hpp" />
		<Unit filename="onii/core/config/operating_systems/apollo_domainos.hpp" />
		<Unit filename="onii/core/config/operating_systems/bada.hpp" />
		<Unit filename="onii/core/config/operating_systems/beos.hpp" />
		<Unit filename="onii/core/config/operating_systems/blue_gene.hpp" />
		<Unit filename="onii/core/config/operating_systems/bsdos.hpp" />
		<Unit filename="onii/core/config/operating_systems/convexos.hpp" />
		<Unit filename="onii/core/config/operating_systems/dgux.hpp" />
		<Unit filename="onii/core/config/operating_systems/dragonfly.hpp" />
		<Unit filename="onii/core/config/operating_systems/dynixptx.hpp" />
		<Unit filename="onii/core/config/operating_systems/ecos.hpp" />
		<Unit filename="onii/core/config/operating_systems/freebsd.hpp" />
		<Unit filename="onii/core/config/operating_systems/gnu.hpp" />
		<Unit filename="onii/core/config/operating_systems/hiux_mpp.hpp" />
		<Unit filename="onii/core/config/operating_systems/hpux.hpp" />
		<Unit filename="onii/core/config/operating_systems/ibm_os400.hpp" />
		<Unit filename="onii/core/config/operating_systems/integrity.hpp" />
		<Unit filename="onii/core/config/operating_systems/irix.hpp" />
		<Unit filename="onii/core/config/operating_systems/kfreebsd.hpp" />
		<Unit filename="onii/core/config/operating_systems/linux.hpp" />
		<Unit filename="onii/core/config/operating_systems/lynxos.hpp" />
		<Unit filename="onii/core/config/operating_systems/macos.hpp" />
		<Unit filename="onii/core/config/operating_systems/microware_os9.hpp" />
		<Unit filename="onii/core/config/operating_systems/minix.hpp" />
		<Unit filename="onii/core/config/operating_systems/morphos.hpp" />
		<Unit filename="onii/core/config/operating_systems/mpeix.hpp" />
		<Unit filename="onii/core/config/operating_systems/msdos.hpp" />
		<Unit filename="onii/core/config/operating_systems/netbsd.hpp" />
		<Unit filename="onii/core/config/operating_systems/nonstop.hpp" />
		<Unit filename="onii/core/config/operating_systems/nucleus_rtos.hpp" />
		<Unit filename="onii/core/config/operating_systems/openbsd.hpp" />
		<Unit filename="onii/core/config/operating_systems/os2.hpp" />
		<Unit filename="onii/core/config/operating_systems/palm_os.hpp" />
		<Unit filename="onii/core/config/operating_systems/pyramid_dcosx.hpp" />
		<Unit filename="onii/core/config/operating_systems/qnx.hpp" />
		<Unit filename="onii/core/config/operating_systems/reliant_unix.hpp" />
		<Unit filename="onii/core/config/operating_systems/sco_openserver.hpp" />
		<Unit filename="onii/core/config/operating_systems/solaris.hpp" />
		<Unit filename="onii/core/config/operating_systems/stratus_vos.hpp" />
		<Unit filename="onii/core/config/operating_systems/syllable.hpp" />
		<Unit filename="onii/core/config/operating_systems/symbian_os.hpp" />
		<Unit filename="onii/core/config/operating_systems/tru64.hpp" />
		<Unit filename="onii/core/config/operating_systems/ultrix.hpp" />
		<Unit filename="onii/core/config/operating_systems/unicos.hpp" />
		<Unit filename="onii/core/config/operating_systems/unicosmp.hpp" />
		<Unit filename="onii/core/config/operating_systems/unixware.hpp" />
		<Unit filename="onii/core/config/operating_systems/vms.hpp" />
		<Unit filename="onii/core/config/operating_systems/windows.hpp" />
		<Unit filename="onii/core/config/operating_systems/windowsce.hpp" />
		<Unit filename="onii/core/config/operating_systems/zos.hpp" />
		<Unit filename="onii/core/config/standards.hpp" />
		<Unit filename="onii/core/config/standards/language.hpp" />
		<Unit filename="onii/core/config/standards/posix.hpp" />
		<Unit filename="onii/core/config/standards/xopen.hpp" />
		<Unit filename="onii/core/detail/random/type.hpp" />
		<Unit filename="onii/core/random.hpp" />
		<Unit filename="onii/core/sleep.hpp" />
		<Unit filename="onii/core/split.hpp" />
		<Unit filename="onii/core/timer.hpp" />
		<Unit filename="onii/onii.hpp" />
		<Unit filename="onii/physic.hpp" />
		<Unit filename="onii/physic/constant.hpp" />
		<Unit filename="onii/physic/constant/density.hpp" />
		<Unit filename="onii/physic/constant/gravity.hpp" />
		<Unit filename="onii/physic/unit.hpp" />
		<Unit filename="onii/physic/unit/angle.hpp" />
		<Unit filename="onii/physic/unit/detail/unit_base.hpp" />
		<Unit filename="onii/physic/unit/length.hpp" />
		<Unit filename="onii/physic/unit/mass.hpp" />
		<Unit filename="onii/physic/unit/time.hpp" />
		<Extensions>
			<code_completion />
			<envvars />
			<debugger />
			<lib_finder disable_auto="1" />
			<DoxyBlocks>
				<comment_style block="5" line="2" />
				<doxyfile_project />
				<doxyfile_build />
				<doxyfile_warnings />
				<doxyfile_output />
				<doxyfile_dot />
				<general />
			</DoxyBlocks>
		</Extensions>
	</Project>
</CodeBlocks_project_file>
